
Microsoft Visual Studio Solution File, Format Version 12.00
# Visual Studio Version 17
VisualStudioVersion = 17.0.31912.275
MinimumVisualStudioVersion = 10.0.40219.1
Project("{FAE04EC0-301F-11D3-BF4B-00C04F79EFBC}") = "Api", "Api\Api.csproj", "{7642A1E0-975E-4299-8069-E4BAA111BAA8}"
EndProject
Project("{E53339B2-1760-4266-BCC7-CA923CBCF16C}") = "docker-compose", "docker-compose.dcproj", "{92A94C47-E289-467D-BB3F-8F8623E1144E}"
EndProject
Project("{FAE04EC0-301F-11D3-BF4B-00C04F79EFBC}") = "Repository", "Repository\Repository.csproj", "{C3742127-8184-47DB-A751-B08CB53DD217}"
EndProject
Project("{FAE04EC0-301F-11D3-BF4B-00C04F79EFBC}") = "Domain", "Domain\Domain.csproj", "{45E4DDA2-1FBD-49EB-AD08-41EC926ADD14}"
EndProject
Global
	GlobalSection(SolutionConfigurationPlatforms) = preSolution
		Debug|Any CPU = Debug|Any CPU
		Release|Any CPU = Release|Any CPU
	EndGlobalSection
	GlobalSection(ProjectConfigurationPlatforms) = postSolution
		{7642A1E0-975E-4299-8069-E4BAA111BAA8}.Debug|Any CPU.ActiveCfg = Debug|Any CPU
		{7642A1E0-975E-4299-8069-E4BAA111BAA8}.Debug|Any CPU.Build.0 = Debug|Any CPU
		{7642A1E0-975E-4299-8069-E4BAA111BAA8}.Release|Any CPU.ActiveCfg = Release|Any CPU
		{7642A1E0-975E-4299-8069-E4BAA111BAA8}.Release|Any CPU.Build.0 = Release|Any CPU
		{92A94C47-E289-467D-BB3F-8F8623E1144E}.Debug|Any CPU.ActiveCfg = Debug|Any CPU
		{92A94C47-E289-467D-BB3F-8F8623E1144E}.Debug|Any CPU.Build.0 = Debug|Any CPU
		{92A94C47-E289-467D-BB3F-8F8623E1144E}.Release|Any CPU.ActiveCfg = Release|Any CPU
		{92A94C47-E289-467D-BB3F-8F8623E1144E}.Release|Any CPU.Build.0 = Release|Any CPU
		{C3742127-8184-47DB-A751-B08CB53DD217}.Debug|Any CPU.ActiveCfg = Debug|Any CPU
		{C3742127-8184-47DB-A751-B08CB53DD217}.Debug|Any CPU.Build.0 = Debug|Any CPU
		{C3742127-8184-47DB-A751-B08CB53DD217}.Release|Any CPU.ActiveCfg = Release|Any CPU
		{C3742127-8184-47DB-A751-B08CB53DD217}.Release|Any CPU.Build.0 = Release|Any CPU
		{45E4DDA2-1FBD-49EB-AD08-41EC926ADD14}.Debug|Any CPU.ActiveCfg = Debug|Any CPU
		{45E4DDA2-1FBD-49EB-AD08-41EC926ADD14}.Debug|Any CPU.Build.0 = Debug|Any CPU
		{45E4DDA2-1FBD-49EB-AD08-41EC926ADD14}.Release|Any CPU.ActiveCfg = Release|Any CPU
		{45E4DDA2-1FBD-49EB-AD08-41EC926ADD14}.Release|Any CPU.Build.0 = Release|Any CPU
	EndGlobalSection
	GlobalSection(SolutionProperties) = preSolution
		HideSolutionNode = FALSE
	EndGlobalSection
	GlobalSection(ExtensibilityGlobals) = postSolution
		SolutionGuid = {3A6034C2-519C-4CC6-A3B7-BD66D7376DFB}
	EndGlobalSection
EndGlobal
